// !$*UTF8*$!
{
	archiveVersion = 1;
	classes = {
	};
	objectVersion = 50;
	objects = {

/* Begin PBXBuildFile section */
		047AF2A120FA003500DCA633 /* AppDelegate.swift in Sources */ = {isa = PBXBuildFile; fileRef = 047AF2A020FA003500DCA633 /* AppDelegate.swift */; };
		047AF2A320FA003500DCA633 /* ViewController.swift in Sources */ = {isa = PBXBuildFile; fileRef = 047AF2A220FA003500DCA633 /* ViewController.swift */; };
		047AF2A620FA003500DCA633 /* Main.storyboard in Resources */ = {isa = PBXBuildFile; fileRef = 047AF2A420FA003500DCA633 /* Main.storyboard */; };
		047AF2A820FA003B00DCA633 /* Assets.xcassets in Resources */ = {isa = PBXBuildFile; fileRef = 047AF2A720FA003B00DCA633 /* Assets.xcassets */; };
		047AF2AB20FA003B00DCA633 /* LaunchScreen.storyboard in Resources */ = {isa = PBXBuildFile; fileRef = 047AF2A920FA003B00DCA633 /* LaunchScreen.storyboard */; };
		047AF2B620FA003B00DCA633 /* Todo_listTests.swift in Sources */ = {isa = PBXBuildFile; fileRef = 047AF2B520FA003B00DCA633 /* Todo_listTests.swift */; };
		047AF2C120FA003C00DCA633 /* Todo_listUITests.swift in Sources */ = {isa = PBXBuildFile; fileRef = 047AF2C020FA003C00DCA633 /* Todo_listUITests.swift */; };
/* End PBXBuildFile section */

/* Begin PBXContainerItemProxy section */
		047AF2B220FA003B00DCA633 /* PBXContainerItemProxy */ = {
			isa = PBXContainerItemProxy;
			containerPortal = 047AF29520FA003500DCA633 /* Project object */;
			proxyType = 1;
			remoteGlobalIDString = 047AF29C20FA003500DCA633;
			remoteInfo = Todo_list;
		};
		047AF2BD20FA003C00DCA633 /* PBXContainerItemProxy */ = {
			isa = PBXContainerItemProxy;
			containerPortal = 047AF29520FA003500DCA633 /* Project object */;
			proxyType = 1;
			remoteGlobalIDString = 047AF29C20FA003500DCA633;
			remoteInfo = Todo_list;
		};
/* End PBXContainerItemProxy section */

/* Begin PBXFileReference section */
		047AF29D20FA003500DCA633 /* Todo_list.app */ = {isa = PBXFileReference; explicitFileType = wrapper.application; includeInIndex = 0; path = Todo_list.app; sourceTree = BUILT_PRODUCTS_DIR; };
		047AF2A020FA003500DCA633 /* AppDelegate.swift */ = {isa = PBXFileReference; lastKnownFileType = sourcecode.swift; path = AppDelegate.swift; sourceTree = "<group>"; };
		047AF2A220FA003500DCA633 /* ViewController.swift */ = {isa = PBXFileReference; lastKnownFileType = sourcecode.swift; path = ViewController.swift; sourceTree = "<group>"; };
		047AF2A520FA003500DCA633 /* Base */ = {isa = PBXFileReference; lastKnownFileType = file.storyboard; name = Base; path = Base.lproj/Main.storyboard; sourceTree = "<group>"; };
		047AF2A720FA003B00DCA633 /* Assets.xcassets */ = {isa = PBXFileReference; lastKnownFileType = folder.assetcatalog; path = Assets.xcassets; sourceTree = "<group>"; };
		047AF2AA20FA003B00DCA633 /* Base */ = {isa = PBXFileReference; lastKnownFileType = file.storyboard; name = Base; path = Base.lproj/LaunchScreen.storyboard; sourceTree = "<group>"; };
		047AF2AC20FA003B00DCA633 /* Info.plist */ = {isa = PBXFileReference; lastKnownFileType = text.plist.xml; path = Info.plist; sourceTree = "<group>"; };
		047AF2B120FA003B00DCA633 /* Todo_listTests.xctest */ = {isa = PBXFileReference; explicitFileType = wrapper.cfbundle; includeInIndex = 0; path = Todo_listTests.xctest; sourceTree = BUILT_PRODUCTS_DIR; };
		047AF2B520FA003B00DCA633 /* Todo_listTests.swift */ = {isa = PBXFileReference; lastKnownFileType = sourcecode.swift; path = Todo_listTests.swift; sourceTree = "<group>"; };
		047AF2B720FA003B00DCA633 /* Info.plist */ = {isa = PBXFileReference; lastKnownFileType = text.plist.xml; path = Info.plist; sourceTree = "<group>"; };
		047AF2BC20FA003C00DCA633 /* Todo_listUITests.xctest */ = {isa = PBXFileReference; explicitFileType = wrapper.cfbundle; includeInIndex = 0; path = Todo_listUITests.xctest; sourceTree = BUILT_PRODUCTS_DIR; };
		047AF2C020FA003C00DCA633 /* Todo_listUITests.swift */ = {isa = PBXFileReference; lastKnownFileType = sourcecode.swift; path = Todo_listUITests.swift; sourceTree = "<group>"; };
		047AF2C220FA003C00DCA633 /* Info.plist */ = {isa = PBXFileReference; lastKnownFileType = text.plist.xml; path = Info.plist; sourceTree = "<group>"; };
/* End PBXFileReference section */

/* Begin PBXFrameworksBuildPhase section */
		047AF29A20FA003500DCA633 /* Frameworks */ = {
			isa = PBXFrameworksBuildPhase;
			buildActionMask = 2147483647;
			files = (
			);
			runOnlyForDeploymentPostprocessing = 0;
		};
		047AF2AE20FA003B00DCA633 /* Frameworks */ = {
			isa = PBXFrameworksBuildPhase;
			buildActionMask = 2147483647;
			files = (
			);
			runOnlyForDeploymentPostprocessing = 0;
		};
		047AF2B920FA003C00DCA633 /* Frameworks */ = {
			isa = PBXFrameworksBuildPhase;
			buildActionMask = 2147483647;
			files = (
			);
			runOnlyForDeploymentPostprocessing = 0;
		};
/* End PBXFrameworksBuildPhase section */

/* Begin PBXGroup section */
		047AF29420FA003500DCA633 = {
			isa = PBXGroup;
			children = (
				047AF29F20FA003500DCA633 /* Todo_list */,
				047AF2B420FA003B00DCA633 /* Todo_listTests */,
				047AF2BF20FA003C00DCA633 /* Todo_listUITests */,
				047AF29E20FA003500DCA633 /* Products */,
			);
			sourceTree = "<group>";
		};
		047AF29E20FA003500DCA633 /* Products */ = {
			isa = PBXGroup;
			children = (
				047AF29D20FA003500DCA633 /* Todo_list.app */,
				047AF2B120FA003B00DCA633 /* Todo_listTests.xctest */,
				047AF2BC20FA003C00DCA633 /* Todo_listUITests.xctest */,
			);
			name = Products;
			sourceTree = "<group>";
		};
		047AF29F20FA003500DCA633 /* Todo_list */ = {
			isa = PBXGroup;
			children = (
				047AF2A020FA003500DCA633 /* AppDelegate.swift */,
				047AF2A220FA003500DCA633 /* ViewController.swift */,
				047AF2A420FA003500DCA633 /* Main.storyboard */,
				047AF2A720FA003B00DCA633 /* Assets.xcassets */,
				047AF2A920FA003B00DCA633 /* LaunchScreen.storyboard */,
				047AF2AC20FA003B00DCA633 /* Info.plist */,
			);
			path = Todo_list;
			sourceTree = "<group>";
		};
		047AF2B420FA003B00DCA633 /* Todo_listTests */ = {
			isa = PBXGroup;
			children = (
				047AF2B520FA003B00DCA633 /* Todo_listTests.swift */,
				047AF2B720FA003B00DCA633 /* Info.plist */,
			);
			path = Todo_listTests;
			sourceTree = "<group>";
		};
		047AF2BF20FA003C00DCA633 /* Todo_listUITests */ = {
			isa = PBXGroup;
			children = (
				047AF2C020FA003C00DCA633 /* Todo_listUITests.swift */,
				047AF2C220FA003C00DCA633 /* Info.plist */,
			);
			path = Todo_listUITests;
			sourceTree = "<group>";
		};
/* End PBXGroup section */

/* Begin PBXNativeTarget section */
		047AF29C20FA003500DCA633 /* Todo_list */ = {
			isa = PBXNativeTarget;
			buildConfigurationList = 047AF2C520FA003C00DCA633 /* Build configuration list for PBXNativeTarget "Todo_list" */;
			buildPhases = (
				047AF29920FA003500DCA633 /* Sources */,
				047AF29A20FA003500DCA633 /* Frameworks */,
				047AF29B20FA003500DCA633 /* Resources */,
			);
			buildRules = (
			);
			dependencies = (
			);
			name = Todo_list;
			productName = Todo_list;
			productReference = 047AF29D20FA003500DCA633 /* Todo_list.app */;
			productType = "com.apple.product-type.application";
		};
		047AF2B020FA003B00DCA633 /* Todo_listTests */ = {
			isa = PBXNativeTarget;
			buildConfigurationList = 047AF2C820FA003C00DCA633 /* Build configuration list for PBXNativeTarget "Todo_listTests" */;
			buildPhases = (
				047AF2AD20FA003B00DCA633 /* Sources */,
				047AF2AE20FA003B00DCA633 /* Frameworks */,
				047AF2AF20FA003B00DCA633 /* Resources */,
			);
			buildRules = (
			);
			dependencies = (
				047AF2B320FA003B00DCA633 /* PBXTargetDependency */,
			);
			name = Todo_listTests;
			productName = Todo_listTests;
			productReference = 047AF2B120FA003B00DCA633 /* Todo_listTests.xctest */;
			productType = "com.apple.product-type.bundle.unit-test";
		};
		047AF2BB20FA003C00DCA633 /* Todo_listUITests */ = {
			isa = PBXNativeTarget;
			buildConfigurationList = 047AF2CB20FA003C00DCA633 /* Build configuration list for PBXNativeTarget "Todo_listUITests" */;
			buildPhases = (
				047AF2B820FA003C00DCA633 /* Sources */,
				047AF2B920FA003C00DCA633 /* Frameworks */,
				047AF2BA20FA003C00DCA633 /* Resources */,
			);
			buildRules = (
			);
			dependencies = (
				047AF2BE20FA003C00DCA633 /* PBXTargetDependency */,
			);
			name = Todo_listUITests;
			productName = Todo_listUITests;
			productReference = 047AF2BC20FA003C00DCA633 /* Todo_listUITests.xctest */;
			productType = "com.apple.product-type.bundle.ui-testing";
		};
/* End PBXNativeTarget section */

/* Begin PBXProject section */
		047AF29520FA003500DCA633 /* Project object */ = {
			isa = PBXProject;
			attributes = {
				LastSwiftUpdateCheck = 0940;
				LastUpgradeCheck = 0940;
				ORGANIZATIONNAME = Reel;
				TargetAttributes = {
					047AF29C20FA003500DCA633 = {
						CreatedOnToolsVersion = 9.4.1;
					};
					047AF2B020FA003B00DCA633 = {
						CreatedOnToolsVersion = 9.4.1;
						TestTargetID = 047AF29C20FA003500DCA633;
					};
					047AF2BB20FA003C00DCA633 = {
						CreatedOnToolsVersion = 9.4.1;
						TestTargetID = 047AF29C20FA003500DCA633;
					};
				};
			};
			buildConfigurationList = 047AF29820FA003500DCA633 /* Build configuration list for PBXProject "Todo_list" */;
			compatibilityVersion = "Xcode 9.3";
			developmentRegion = en;
			hasScannedForEncodings = 0;
			knownRegions = (
				en,
				Base,
			);
			mainGroup = 047AF29420FA003500DCA633;
			productRefGroup = 047AF29E20FA003500DCA633 /* Products */;
			projectDirPath = "";
			projectRoot = "";
			targets = (
				047AF29C20FA003500DCA633 /* Todo_list */,
				047AF2B020FA003B00DCA633 /* Todo_listTests */,
				047AF2BB20FA003C00DCA633 /* Todo_listUITests */,
			);
		};
/* End PBXProject section */

/* Begin PBXResourcesBuildPhase section */
		047AF29B20FA003500DCA633 /* Resources */ = {
			isa = PBXResourcesBuildPhase;
			buildActionMask = 2147483647;
			files = (
				047AF2AB20FA003B00DCA633 /* LaunchScreen.storyboard in Resources */,
				047AF2A820FA003B00DCA633 /* Assets.xcassets in Resources */,
				047AF2A620FA003500DCA633 /* Main.storyboard in Resources */,
			);
			runOnlyForDeploymentPostprocessing = 0;
		};
		047AF2AF20FA003B00DCA633 /* Resources */ = {
			isa = PBXResourcesBuildPhase;
			buildActionMask = 2147483647;
			files = (
			);
			runOnlyForDeploymentPostprocessing = 0;
		};
		047AF2BA20FA003C00DCA633 /* Resources */ = {
			isa = PBXResourcesBuildPhase;
			buildActionMask = 2147483647;
			files = (
			);
			runOnlyForDeploymentPostprocessing = 0;
		};
/* End PBXResourcesBuildPhase section */

/* Begin PBXSourcesBuildPhase section */
		047AF29920FA003500DCA633 /* Sources */ = {
			isa = PBXSourcesBuildPhase;
			buildActionMask = 2147483647;
			files = (
				047AF2A320FA003500DCA633 /* ViewController.swift in Sources */,
				047AF2A120FA003500DCA633 /* AppDelegate.swift in Sources */,
			);
			runOnlyForDeploymentPostprocessing = 0;
		};
		047AF2AD20FA003B00DCA633 /* Sources */ = {
			isa = PBXSourcesBuildPhase;
			buildActionMask = 2147483647;
			files = (
				047AF2B620FA003B00DCA633 /* Todo_listTests.swift in Sources */,
			);
			runOnlyForDeploymentPostprocessing = 0;
		};
		047AF2B820FA003C00DCA633 /* Sources */ = {
			isa = PBXSourcesBuildPhase;
			buildActionMask = 2147483647;
			files = (
				047AF2C120FA003C00DCA633 /* Todo_listUITests.swift in Sources */,
			);
			runOnlyForDeploymentPostprocessing = 0;
		};
/* End PBXSourcesBuildPhase section */

/* Begin PBXTargetDependency section */
		047AF2B320FA003B00DCA633 /* PBXTargetDependency */ = {
			isa = PBXTargetDependency;
			target = 047AF29C20FA003500DCA633 /* Todo_list */;
			targetProxy = 047AF2B220FA003B00DCA633 /* PBXContainerItemProxy */;
		};
		047AF2BE20FA003C00DCA633 /* PBXTargetDependency */ = {
			isa = PBXTargetDependency;
			target = 047AF29C20FA003500DCA633 /* Todo_list */;
			targetProxy = 047AF2BD20FA003C00DCA633 /* PBXContainerItemProxy */;
		};
/* End PBXTargetDependency section */

/* Begin PBXVariantGroup section */
		047AF2A420FA003500DCA633 /* Main.storyboard */ = {
			isa = PBXVariantGroup;
			children = (
				047AF2A520FA003500DCA633 /* Base */,
			);
			name = Main.storyboard;
			sourceTree = "<group>";
		};
		047AF2A920FA003B00DCA633 /* LaunchScreen.storyboard */ = {
			isa = PBXVariantGroup;
			children = (
				047AF2AA20FA003B00DCA633 /* Base */,
			);
			name = LaunchScreen.storyboard;
			sourceTree = "<group>";
		};
/* End PBXVariantGroup section */

/* Begin XCBuildConfiguration section */
		047AF2C320FA003C00DCA633 /* Debug */ = {
			isa = XCBuildConfiguration;
			buildSettings = {
				ALWAYS_SEARCH_USER_PATHS = NO;
				CLANG_ANALYZER_NONNULL = YES;
				CLANG_ANALYZER_NUMBER_OBJECT_CONVERSION = YES_AGGRESSIVE;
				CLANG_CXX_LANGUAGE_STANDARD = "gnu++14";
				CLANG_CXX_LIBRARY = "libc++";
				CLANG_ENABLE_MODULES = YES;
				CLANG_ENABLE_OBJC_ARC = YES;
				CLANG_ENABLE_OBJC_WEAK = YES;
				CLANG_WARN_BLOCK_CAPTURE_AUTORELEASING = YES;
				CLANG_WARN_BOOL_CONVERSION = YES;
				CLANG_WARN_COMMA = YES;
				CLANG_WARN_CONSTANT_CONVERSION = YES;
				CLANG_WARN_DEPRECATED_OBJC_IMPLEMENTATIONS = YES;
				CLANG_WARN_DIRECT_OBJC_ISA_USAGE = YES_ERROR;
				CLANG_WARN_DOCUMENTATION_COMMENTS = YES;
				CLANG_WARN_EMPTY_BODY = YES;
				CLANG_WARN_ENUM_CONVERSION = YES;
				CLANG_WARN_INFINITE_RECURSION = YES;
				CLANG_WARN_INT_CONVERSION = YES;
				CLANG_WARN_NON_LITERAL_NULL_CONVERSION = YES;
				CLANG_WARN_OBJC_IMPLICIT_RETAIN_SELF = YES;
				CLANG_WARN_OBJC_LITERAL_CONVERSION = YES;
				CLANG_WARN_OBJC_ROOT_CLASS = YES_ERROR;
				CLANG_WARN_RANGE_LOOP_ANALYSIS = YES;
				CLANG_WARN_STRICT_PROTOTYPES = YES;
				CLANG_WARN_SUSPICIOUS_MOVE = YES;
				CLANG_WARN_UNGUARDED_AVAILABILITY = YES_AGGRESSIVE;
				CLANG_WARN_UNREACHABLE_CODE = YES;
				CLANG_WARN__DUPLICATE_METHOD_MATCH = YES;
				CODE_SIGN_IDENTITY = "iPhone Developer";
				COPY_PHASE_STRIP = NO;
				DEBUG_INFORMATION_FORMAT = dwarf;
				ENABLE_STRICT_OBJC_MSGSEND = YES;
				ENABLE_TESTABILITY = YES;
				GCC_C_LANGUAGE_STANDARD = gnu11;
				GCC_DYNAMIC_NO_PIC = NO;
				GCC_NO_COMMON_BLOCKS = YES;
				GCC_OPTIMIZATION_LEVEL = 0;
				GCC_PREPROCESSOR_DEFINITIONS = (
					"DEBUG=1",
					"$(inherited)",
				);
				GCC_WARN_64_TO_32_BIT_CONVERSION = YES;
				GCC_WARN_ABOUT_RETURN_TYPE = YES_ERROR;
				GCC_WARN_UNDECLARED_SELECTOR = YES;
				GCC_WARN_UNINITIALIZED_AUTOS = YES_AGGRESSIVE;
				GCC_WARN_UNUSED_FUNCTION = YES;
				GCC_WARN_UNUSED_VARIABLE = YES;
				IPHONEOS_DEPLOYMENT_TARGET = 11.4;
				MTL_ENABLE_DEBUG_INFO = YES;
				ONLY_ACTIVE_ARCH = YES;
				SDKROOT = iphoneos;
				SWIFT_ACTIVE_COMPILATION_CONDITIONS = DEBUG;
				SWIFT_OPTIMIZATION_LEVEL = "-Onone";
			};
			name = Debug;
		};
		047AF2C420FA003C00DCA633 /* Release */ = {
			isa = XCBuildConfiguration;
			buildSettings = {
				ALWAYS_SEARCH_USER_PATHS = NO;
				CLANG_ANALYZER_NONNULL = YES;
				CLANG_ANALYZER_NUMBER_OBJECT_CONVERSION = YES_AGGRESSIVE;
				CLANG_CXX_LANGUAGE_STANDARD = "gnu++14";
				CLANG_CXX_LIBRARY = "libc++";
				CLANG_ENABLE_MODULES = YES;
				CLANG_ENABLE_OBJC_ARC = YES;
				CLANG_ENABLE_OBJC_WEAK = YES;
				CLANG_WARN_BLOCK_CAPTURE_AUTORELEASING = YES;
				CLANG_WARN_BOOL_CONVERSION = YES;
				CLANG_WARN_COMMA = YES;
				CLANG_WARN_CONSTANT_CONVERSION = YES;
				CLANG_WARN_DEPRECATED_OBJC_IMPLEMENTATIONS = YES;
				CLANG_WARN_DIRECT_OBJC_ISA_USAGE = YES_ERROR;
				CLANG_WARN_DOCUMENTATION_COMMENTS = YES;
				CLANG_WARN_EMPTY_BODY = YES;
				CLANG_WARN_ENUM_CONVERSION = YES;
				CLANG_WARN_INFINITE_RECURSION = YES;
				CLANG_WARN_INT_CONVERSION = YES;
				CLANG_WARN_NON_LITERAL_NULL_CONVERSION = YES;
				CLANG_WARN_OBJC_IMPLICIT_RETAIN_SELF = YES;
				CLANG_WARN_OBJC_LITERAL_CONVERSION = YES;
				CLANG_WARN_OBJC_ROOT_CLASS = YES_ERROR;
				CLANG_WARN_RANGE_LOOP_ANALYSIS = YES;
				CLANG_WARN_STRICT_PROTOTYPES = YES;
				CLANG_WARN_SUSPICIOUS_MOVE = YES;
				CLANG_WARN_UNGUARDED_AVAILABILITY = YES_AGGRESSIVE;
				CLANG_WARN_UNREACHABLE_CODE = YES;
				CLANG_WARN__DUPLICATE_METHOD_MATCH = YES;
				CODE_SIGN_IDENTITY = "iPhone Developer";
				COPY_PHASE_STRIP = NO;
				DEBUG_INFORMATION_FORMAT = "dwarf-with-dsym";
				ENABLE_NS_ASSERTIONS = NO;
				ENABLE_STRICT_OBJC_MSGSEND = YES;
				GCC_C_LANGUAGE_STANDARD = gnu11;
				GCC_NO_COMMON_BLOCKS = YES;
				GCC_WARN_64_TO_32_BIT_CONVERSION = YES;
				GCC_WARN_ABOUT_RETURN_TYPE = YES_ERROR;
				GCC_WARN_UNDECLARED_SELECTOR = YES;
				GCC_WARN_UNINITIALIZED_AUTOS = YES_AGGRESSIVE;
				GCC_WARN_UNUSED_FUNCTION = YES;
				GCC_WARN_UNUSED_VARIABLE = YES;
				IPHONEOS_DEPLOYMENT_TARGET = 11.4;
				MTL_ENABLE_DEBUG_INFO = NO;
				SDKROOT = iphoneos;
				SWIFT_COMPILATION_MODE = wholemodule;
				SWIFT_OPTIMIZATION_LEVEL = "-O";
				VALIDATE_PRODUCT = YES;
			};
			name = Release;
		};
		047AF2C620FA003C00DCA633 /* Debug */ = {
			isa = XCBuildConfiguration;
			buildSettings = {
				ASSETCATALOG_COMPILER_APPICON_NAME = AppIcon;
				CODE_SIGN_STYLE = Automatic;
				INFOPLIST_FILE = Todo_list/Info.plist;
				LD_RUNPATH_SEARCH_PATHS = (
					"$(inherited)",
					"@executable_path/Frameworks",
				);
				PRODUCT_BUNDLE_IDENTIFIER = "REL.Todo-list";
				PRODUCT_NAME = "$(TARGET_NAME)";
				SWIFT_VERSION = 4.0;
				TARGETED_DEVICE_FAMILY = "1,2";
			};
			name = Debug;
		};
		047AF2C720FA003C00DCA633 /* Release */ = {
			isa = XCBuildConfiguration;
			buildSettings = {
				ASSETCATALOG_COMPILER_APPICON_NAME = AppIcon;
				CODE_SIGN_STYLE = Automatic;
				INFOPLIST_FILE = Todo_list/Info.plist;
				LD_RUNPATH_SEARCH_PATHS = (
					"$(inherited)",
					"@executable_path/Frameworks",
				);
				PRODUCT_BUNDLE_IDENTIFIER = "REL.Todo-list";
				PRODUCT_NAME = "$(TARGET_NAME)";
				SWIFT_VERSION = 4.0;
				TARGETED_DEVICE_FAMILY = "1,2";
			};
			name = Release;
		};
		047AF2C920FA003C00DCA633 /* Debug */ = {
			isa = XCBuildConfiguration;
			buildSettings = {
				ALWAYS_EMBED_SWIFT_STANDARD_LIBRARIES = YES;
				BUNDLE_LOADER = "$(TEST_HOST)";
				CODE_SIGN_STYLE = Automatic;
				INFOPLIST_FILE = Todo_listTests/Info.plist;
				LD_RUNPATH_SEARCH_PATHS = (
					"$(inherited)",
					"@executable_path/Frameworks",
					"@loader_path/Frameworks",
				);
				PRODUCT_BUNDLE_IDENTIFIER = "REL.Todo-listTests";
				PRODUCT_NAME = "$(TARGET_NAME)";
				SWIFT_VERSION = 4.0;
				TARGETED_DEVICE_FAMILY = "1,2";
				TEST_HOST = "$(BUILT_PRODUCTS_DIR)/Todo_list.app/Todo_list";
			};
			name = Debug;
		};
		047AF2CA20FA003C00DCA633 /* Release */ = {
			isa = XCBuildConfiguration;
			buildSettings = {
				ALWAYS_EMBED_SWIFT_STANDARD_LIBRARIES = YES;
				BUNDLE_LOADER = "$(TEST_HOST)";
				CODE_SIGN_STYLE = Automatic;
				INFOPLIST_FILE = Todo_listTests/Info.plist;
				LD_RUNPATH_SEARCH_PATHS = (
					"$(inherited)",
					"@executable_path/Frameworks",
					"@loader_path/Frameworks",
				);
				PRODUCT_BUNDLE_IDENTIFIER = "REL.Todo-listTests";
				PRODUCT_NAME = "$(TARGET_NAME)";
				SWIFT_VERSION = 4.0;
				TARGETED_DEVICE_FAMILY = "1,2";
				TEST_HOST = "$(BUILT_PRODUCTS_DIR)/Todo_list.app/Todo_list";
			};
			name = Release;
		};
		047AF2CC20FA003C00DCA633 /* Debug */ = {
			isa = XCBuildConfiguration;
			buildSettings = {
				ALWAYS_EMBED_SWIFT_STANDARD_LIBRARIES = YES;
				CODE_SIGN_STYLE = Automatic;
				INFOPLIST_FILE = Todo_listUITests/Info.plist;
				LD_RUNPATH_SEARCH_PATHS = (
					"$(inherited)",
					"@executable_path/Frameworks",
					"@loader_path/Frameworks",
				);
				PRODUCT_BUNDLE_IDENTIFIER = "REL.Todo-listUITests";
				PRODUCT_NAME = "$(TARGET_NAME)";
				SWIFT_VERSION = 4.0;
				TARGETED_DEVICE_FAMILY = "1,2";
				TEST_TARGET_NAME = Todo_list;
			};
			name = Debug;
		};
		047AF2CD20FA003C00DCA633 /* Release */ = {
			isa = XCBuildConfiguration;
			buildSettings = {
				ALWAYS_EMBED_SWIFT_STANDARD_LIBRARIES = YES;
				CODE_SIGN_STYLE = Automatic;
				INFOPLIST_FILE = Todo_listUITests/Info.plist;
				LD_RUNPATH_SEARCH_PATHS = (
					"$(inherited)",
					"@executable_path/Frameworks",
					"@loader_path/Frameworks",
				);
				PRODUCT_BUNDLE_IDENTIFIER = "REL.Todo-listUITests";
				PRODUCT_NAME = "$(TARGET_NAME)";
				SWIFT_VERSION = 4.0;
				TARGETED_DEVICE_FAMILY = "1,2";
				TEST_TARGET_NAME = Todo_list;
			};
			name = Release;
		};
/* End XCBuildConfiguration section */

/* Begin XCConfigurationList section */
		047AF29820FA003500DCA633 /* Build configuration list for PBXProject "Todo_list" */ = {
			isa = XCConfigurationList;
			buildConfigurations = (
				047AF2C320FA003C00DCA633 /* Debug */,
				047AF2C420FA003C00DCA633 /* Release */,
			);
			defaultConfigurationIsVisible = 0;
			defaultConfigurationName = Release;
		};
		047AF2C520FA003C00DCA633 /* Build configuration list for PBXNativeTarget "Todo_list" */ = {
			isa = XCConfigurationList;
			buildConfigurations = (
				047AF2C620FA003C00DCA633 /* Debug */,
				047AF2C720FA003C00DCA633 /* Release */,
			);
			defaultConfigurationIsVisible = 0;
			defaultConfigurationName = Release;
		};
		047AF2C820FA003C00DCA633 /* Build configuration list for PBXNativeTarget "Todo_listTests" */ = {
			isa = XCConfigurationList;
			buildConfigurations = (
				047AF2C920FA003C00DCA633 /* Debug */,
				047AF2CA20FA003C00DCA633 /* Release */,
			);
			defaultConfigurationIsVisible = 0;
			defaultConfigurationName = Release;
		};
		047AF2CB20FA003C00DCA633 /* Build configuration list for PBXNativeTarget "Todo_listUITests" */ = {
			isa = XCConfigurationList;
			buildConfigurations = (
				047AF2CC20FA003C00DCA633 /* Debug */,
				047AF2CD20FA003C00DCA633 /* Release */,
			);
			defaultConfigurationIsVisible = 0;
			defaultConfigurationName = Release;
		};
/* End XCConfigurationList section */
	};
	rootObject = 047AF29520FA003500DCA633 /* Project object */;
}
